
Microsoft Visual Studio Solution File, Format Version 10.00
# Visual Studio 2008
Project("{8BC9CEB8-8B4A-11D0-8D11-00A0C91BC942}") = "ex2-segmentation-vs2008", "ex2-segmentation-vs2008.vcproj", "{EF76E773-5BAE-2F0B-64B8-932ED06E5604}"
EndProject
Global
	GlobalSection(SolutionConfigurationPlatforms) = preSolution
		Debug|Win32 = Debug|Win32
		Release|Win32 = Release|Win32
	EndGlobalSection
	GlobalSection(ProjectConfigurationPlatforms) = postSolution
		{EF76E773-5BAE-2F0B-64B8-932ED06E5604}.Debug|Win32.ActiveCfg = Debug|Win32
		{EF76E773-5BAE-2F0B-64B8-932ED06E5604}.Debug|Win32.Build.0 = Debug|Win32
		{EF76E773-5BAE-2F0B-64B8-932ED06E5604}.Release|Win32.ActiveCfg = Release|Win32
		{EF76E773-5BAE-2F0B-64B8-932ED06E5604}.Release|Win32.Build.0 = Release|Win32
	EndGlobalSection
	GlobalSection(SolutionProperties) = preSolution
		HideSolutionNode = FALSE
	EndGlobalSection
EndGlobal
